{
  "nodes": {
    "nixpkgs": {
      "locked": {
        "lastModified": 1712939125,
        "narHash": "sha256-G3wznglfDwSYF8obg+zVqJqA/fPmJnzgaELq4kTCopI=",
        "owner": "NixOS",
        "repo": "nixpkgs",
        "rev": "ec877443d62ed5268c741656657d1319554a55f4",
        "type": "github"
      },
      "original": {
        "id": "nixpkgs",
        "ref": "release-23.11",
        "type": "indirect"
      }
    },
    "root": {
      "inputs": {
        "nixpkgs": "nixpkgs",
        "zephyr-rtos": "zephyr-rtos"
      }
    },
    "zephyr-rtos": {
      "inputs": {
        "nixpkgs": [
          "nixpkgs"
        ]
      },
      "locked": {
        "lastModified": 1706942105,
        "narHash": "sha256-LFkxbZ6zyFlCY4HfvCmk3A7Cg6tgJrxTUHQpZ2kUHfc=",
        "owner": "katyo",
        "repo": "zephyr-rtos.nix",
        "rev": "2968fcaedbb8fbb0de752ea9bed0c1baebb1698d",
        "type": "github"
      },
      "original": {
        "owner": "katyo",
        "repo": "zephyr-rtos.nix",
        "type": "github"
      }
    }
  },
  "root": "root",
  "version": 7
}
